
Microsoft Visual Studio Solution File, Format Version 12.00
# Visual Studio 2012
Project("{8BC9CEB8-8B4A-11D0-8D11-00A0C91BC942}") = "VM_emulating", "VM_emulating\VM_emulating.vcxproj", "{9E476057-CBCB-4BA3-87FF-7124099AD7CD}"
EndProject
Global
	GlobalSection(SolutionConfigurationPlatforms) = preSolution
		Debug|Win32 = Debug|Win32
		Release|Win32 = Release|Win32
	EndGlobalSection
	GlobalSection(ProjectConfigurationPlatforms) = postSolution
		{9E476057-CBCB-4BA3-87FF-7124099AD7CD}.Debug|Win32.ActiveCfg = Debug|Win32
		{9E476057-CBCB-4BA3-87FF-7124099AD7CD}.Debug|Win32.Build.0 = Debug|Win32
		{9E476057-CBCB-4BA3-87FF-7124099AD7CD}.Release|Win32.ActiveCfg = Release|Win32
		{9E476057-CBCB-4BA3-87FF-7124099AD7CD}.Release|Win32.Build.0 = Release|Win32
	EndGlobalSection
	GlobalSection(SolutionProperties) = preSolution
		HideSolutionNode = FALSE
	EndGlobalSection
EndGlobal
